
Microsoft Visual Studio Solution File, Format Version 12.00
Project("{FAE04EC0-301F-11D3-BF4B-00C04F79EFBC}") = "MeFacts", "MeFacts\MeFacts\MeFacts.csproj", "{3B568610-EF4A-450E-8848-78A0CCE992B7}"
EndProject
Project("{FAE04EC0-301F-11D3-BF4B-00C04F79EFBC}") = "MeFacts.Android", "MeFacts\MeFacts.Android\MeFacts.Android.csproj", "{DAA6BE1F-90D7-4E71-9B9A-0B4CE698576D}"
EndProject
Project("{FAE04EC0-301F-11D3-BF4B-00C04F79EFBC}") = "MeFacts.iOS", "MeFacts\MeFacts.iOS\MeFacts.iOS.csproj", "{8847A21B-B4BB-4850-A448-F8E424848978}"
EndProject
Global
	GlobalSection(SolutionConfigurationPlatforms) = preSolution
		Ad-Hoc|iPhone = Ad-Hoc|iPhone
		AppStore|iPhone = AppStore|iPhone
		Debug|Any CPU = Debug|Any CPU
		Debug|iPhone = Debug|iPhone
		Debug|iPhoneSimulator = Debug|iPhoneSimulator
		Release|Any CPU = Release|Any CPU
		Release|iPhone = Release|iPhone
		Release|iPhoneSimulator = Release|iPhoneSimulator
	EndGlobalSection
	GlobalSection(ProjectConfigurationPlatforms) = postSolution
		{3B568610-EF4A-450E-8848-78A0CCE992B7}.Ad-Hoc|iPhone.ActiveCfg = Debug|Any CPU
		{3B568610-EF4A-450E-8848-78A0CCE992B7}.Ad-Hoc|iPhone.Build.0 = Debug|Any CPU
		{3B568610-EF4A-450E-8848-78A0CCE992B7}.AppStore|iPhone.ActiveCfg = Debug|Any CPU
		{3B568610-EF4A-450E-8848-78A0CCE992B7}.AppStore|iPhone.Build.0 = Debug|Any CPU
		{3B568610-EF4A-450E-8848-78A0CCE992B7}.Debug|Any CPU.ActiveCfg = Debug|Any CPU
		{3B568610-EF4A-450E-8848-78A0CCE992B7}.Debug|Any CPU.Build.0 = Debug|Any CPU
		{3B568610-EF4A-450E-8848-78A0CCE992B7}.Debug|iPhone.ActiveCfg = Debug|Any CPU
		{3B568610-EF4A-450E-8848-78A0CCE992B7}.Debug|iPhone.Build.0 = Debug|Any CPU
		{3B568610-EF4A-450E-8848-78A0CCE992B7}.Debug|iPhoneSimulator.ActiveCfg = Debug|Any CPU
		{3B568610-EF4A-450E-8848-78A0CCE992B7}.Debug|iPhoneSimulator.Build.0 = Debug|Any CPU
		{3B568610-EF4A-450E-8848-78A0CCE992B7}.Release|Any CPU.ActiveCfg = Release|Any CPU
		{3B568610-EF4A-450E-8848-78A0CCE992B7}.Release|Any CPU.Build.0 = Release|Any CPU
		{3B568610-EF4A-450E-8848-78A0CCE992B7}.Release|iPhone.ActiveCfg = Release|Any CPU
		{3B568610-EF4A-450E-8848-78A0CCE992B7}.Release|iPhone.Build.0 = Release|Any CPU
		{3B568610-EF4A-450E-8848-78A0CCE992B7}.Release|iPhoneSimulator.ActiveCfg = Release|Any CPU
		{3B568610-EF4A-450E-8848-78A0CCE992B7}.Release|iPhoneSimulator.Build.0 = Release|Any CPU
		{DAA6BE1F-90D7-4E71-9B9A-0B4CE698576D}.Ad-Hoc|iPhone.ActiveCfg = Debug|Any CPU
		{DAA6BE1F-90D7-4E71-9B9A-0B4CE698576D}.Ad-Hoc|iPhone.Build.0 = Debug|Any CPU
		{DAA6BE1F-90D7-4E71-9B9A-0B4CE698576D}.Ad-Hoc|iPhone.Deploy.0 = Debug|Any CPU
		{DAA6BE1F-90D7-4E71-9B9A-0B4CE698576D}.AppStore|iPhone.ActiveCfg = Debug|Any CPU
		{DAA6BE1F-90D7-4E71-9B9A-0B4CE698576D}.AppStore|iPhone.Build.0 = Debug|Any CPU
		{DAA6BE1F-90D7-4E71-9B9A-0B4CE698576D}.AppStore|iPhone.Deploy.0 = Debug|Any CPU
		{DAA6BE1F-90D7-4E71-9B9A-0B4CE698576D}.Debug|Any CPU.ActiveCfg = Debug|Any CPU
		{DAA6BE1F-90D7-4E71-9B9A-0B4CE698576D}.Debug|Any CPU.Build.0 = Debug|Any CPU
		{DAA6BE1F-90D7-4E71-9B9A-0B4CE698576D}.Debug|Any CPU.Deploy.0 = Debug|Any CPU
		{DAA6BE1F-90D7-4E71-9B9A-0B4CE698576D}.Debug|iPhone.ActiveCfg = Debug|Any CPU
		{DAA6BE1F-90D7-4E71-9B9A-0B4CE698576D}.Debug|iPhone.Build.0 = Debug|Any CPU
		{DAA6BE1F-90D7-4E71-9B9A-0B4CE698576D}.Debug|iPhone.Deploy.0 = Debug|Any CPU
		{DAA6BE1F-90D7-4E71-9B9A-0B4CE698576D}.Debug|iPhoneSimulator.ActiveCfg = Debug|Any CPU
		{DAA6BE1F-90D7-4E71-9B9A-0B4CE698576D}.Debug|iPhoneSimulator.Build.0 = Debug|Any CPU
		{DAA6BE1F-90D7-4E71-9B9A-0B4CE698576D}.Debug|iPhoneSimulator.Deploy.0 = Debug|Any CPU
		{DAA6BE1F-90D7-4E71-9B9A-0B4CE698576D}.Release|Any CPU.ActiveCfg = Release|Any CPU
		{DAA6BE1F-90D7-4E71-9B9A-0B4CE698576D}.Release|Any CPU.Build.0 = Release|Any CPU
		{DAA6BE1F-90D7-4E71-9B9A-0B4CE698576D}.Release|Any CPU.Deploy.0 = Release|Any CPU
		{DAA6BE1F-90D7-4E71-9B9A-0B4CE698576D}.Release|iPhone.ActiveCfg = Release|Any CPU
		{DAA6BE1F-90D7-4E71-9B9A-0B4CE698576D}.Release|iPhone.Build.0 = Release|Any CPU
		{DAA6BE1F-90D7-4E71-9B9A-0B4CE698576D}.Release|iPhone.Deploy.0 = Release|Any CPU
		{DAA6BE1F-90D7-4E71-9B9A-0B4CE698576D}.Release|iPhoneSimulator.ActiveCfg = Release|Any CPU
		{DAA6BE1F-90D7-4E71-9B9A-0B4CE698576D}.Release|iPhoneSimulator.Build.0 = Release|Any CPU
		{DAA6BE1F-90D7-4E71-9B9A-0B4CE698576D}.Release|iPhoneSimulator.Deploy.0 = Release|Any CPU
		{8847A21B-B4BB-4850-A448-F8E424848978}.Ad-Hoc|iPhone.ActiveCfg = Ad-Hoc|iPhone
		{8847A21B-B4BB-4850-A448-F8E424848978}.Ad-Hoc|iPhone.Build.0 = Ad-Hoc|iPhone
		{8847A21B-B4BB-4850-A448-F8E424848978}.Ad-Hoc|iPhone.Deploy.0 = Ad-Hoc|iPhone
		{8847A21B-B4BB-4850-A448-F8E424848978}.AppStore|iPhone.ActiveCfg = AppStore|iPhone
		{8847A21B-B4BB-4850-A448-F8E424848978}.AppStore|iPhone.Build.0 = AppStore|iPhone
		{8847A21B-B4BB-4850-A448-F8E424848978}.AppStore|iPhone.Deploy.0 = AppStore|iPhone
		{8847A21B-B4BB-4850-A448-F8E424848978}.Debug|Any CPU.ActiveCfg = Debug|iPhoneSimulator
		{8847A21B-B4BB-4850-A448-F8E424848978}.Debug|Any CPU.Build.0 = Debug|iPhoneSimulator
		{8847A21B-B4BB-4850-A448-F8E424848978}.Debug|Any CPU.Deploy.0 = Debug|iPhoneSimulator
		{8847A21B-B4BB-4850-A448-F8E424848978}.Debug|iPhone.ActiveCfg = Debug|iPhone
		{8847A21B-B4BB-4850-A448-F8E424848978}.Debug|iPhone.Build.0 = Debug|iPhone
		{8847A21B-B4BB-4850-A448-F8E424848978}.Debug|iPhone.Deploy.0 = Debug|iPhone
		{8847A21B-B4BB-4850-A448-F8E424848978}.Debug|iPhoneSimulator.ActiveCfg = Debug|iPhoneSimulator
		{8847A21B-B4BB-4850-A448-F8E424848978}.Debug|iPhoneSimulator.Build.0 = Debug|iPhoneSimulator
		{8847A21B-B4BB-4850-A448-F8E424848978}.Debug|iPhoneSimulator.Deploy.0 = Debug|iPhoneSimulator
		{8847A21B-B4BB-4850-A448-F8E424848978}.Release|Any CPU.ActiveCfg = Release|iPhoneSimulator
		{8847A21B-B4BB-4850-A448-F8E424848978}.Release|Any CPU.Build.0 = Release|iPhoneSimulator
		{8847A21B-B4BB-4850-A448-F8E424848978}.Release|Any CPU.Deploy.0 = Release|iPhoneSimulator
		{8847A21B-B4BB-4850-A448-F8E424848978}.Release|iPhone.ActiveCfg = Release|iPhone
		{8847A21B-B4BB-4850-A448-F8E424848978}.Release|iPhone.Build.0 = Release|iPhone
		{8847A21B-B4BB-4850-A448-F8E424848978}.Release|iPhone.Deploy.0 = Release|iPhone
		{8847A21B-B4BB-4850-A448-F8E424848978}.Release|iPhoneSimulator.ActiveCfg = Release|iPhoneSimulator
		{8847A21B-B4BB-4850-A448-F8E424848978}.Release|iPhoneSimulator.Build.0 = Release|iPhoneSimulator
		{8847A21B-B4BB-4850-A448-F8E424848978}.Release|iPhoneSimulator.Deploy.0 = Release|iPhoneSimulator
	EndGlobalSection
EndGlobal
